
Microsoft Visual Studio Solution File, Format Version 11.00
# Visual Studio 2010
Project("{FAE04EC0-301F-11D3-BF4B-00C04F79EFBC}") = "SmallFry", "SmallFry\SmallFry.csproj", "{9E0DA447-DF8B-496D-AB50-2424710FF374}"
EndProject
Project("{FAE04EC0-301F-11D3-BF4B-00C04F79EFBC}") = "SmallFry.Tests", "SmallFry.Tests\SmallFry.Tests.csproj", "{06948595-0E0D-4268-907E-AA7F68501C94}"
EndProject
Project("{2150E333-8FDC-42A3-9474-1A3956D46DE8}") = "Solution Items", "Solution Items", "{A61C24AB-96EF-4F02-B9F3-2B531D99468A}"
	ProjectSection(SolutionItems) = preProject
		..\Build.proj = ..\Build.proj
		..\README = ..\README
		SmallFry.targets = SmallFry.targets
		SolutionInfo.cs = SolutionInfo.cs
	EndProjectSection
EndProject
Project("{FAE04EC0-301F-11D3-BF4B-00C04F79EFBC}") = "Passbook", "Examples\Passbook\Passbook.csproj", "{99C046D4-5D11-4E67-947C-1C62EE72EAC6}"
EndProject
Project("{2150E333-8FDC-42A3-9474-1A3956D46DE8}") = "Examples", "Examples", "{A1837D35-249C-480D-9254-53808A2CEDD8}"
EndProject
Project("{2150E333-8FDC-42A3-9474-1A3956D46DE8}") = "Lib", "Lib", "{40FC6502-93DF-40D9-98F1-522F94E3DE6B}"
EndProject
Project("{FAE04EC0-301F-11D3-BF4B-00C04F79EFBC}") = "ServiceStack.Text.Net40", "..\Lib\ServiceStack.Text\src\ServiceStack.Text.Net40\ServiceStack.Text.Net40.csproj", "{15BF26C8-92F8-445D-8FFC-7882A519B67D}"
EndProject
Global
	GlobalSection(SolutionConfigurationPlatforms) = preSolution
		Debug|Any CPU = Debug|Any CPU
		Release|Any CPU = Release|Any CPU
	EndGlobalSection
	GlobalSection(ProjectConfigurationPlatforms) = postSolution
		{9E0DA447-DF8B-496D-AB50-2424710FF374}.Debug|Any CPU.ActiveCfg = Debug|Any CPU
		{9E0DA447-DF8B-496D-AB50-2424710FF374}.Debug|Any CPU.Build.0 = Debug|Any CPU
		{9E0DA447-DF8B-496D-AB50-2424710FF374}.Release|Any CPU.ActiveCfg = Release|Any CPU
		{9E0DA447-DF8B-496D-AB50-2424710FF374}.Release|Any CPU.Build.0 = Release|Any CPU
		{06948595-0E0D-4268-907E-AA7F68501C94}.Debug|Any CPU.ActiveCfg = Debug|Any CPU
		{06948595-0E0D-4268-907E-AA7F68501C94}.Debug|Any CPU.Build.0 = Debug|Any CPU
		{06948595-0E0D-4268-907E-AA7F68501C94}.Release|Any CPU.ActiveCfg = Release|Any CPU
		{06948595-0E0D-4268-907E-AA7F68501C94}.Release|Any CPU.Build.0 = Release|Any CPU
		{99C046D4-5D11-4E67-947C-1C62EE72EAC6}.Debug|Any CPU.ActiveCfg = Debug|Any CPU
		{99C046D4-5D11-4E67-947C-1C62EE72EAC6}.Debug|Any CPU.Build.0 = Debug|Any CPU
		{99C046D4-5D11-4E67-947C-1C62EE72EAC6}.Release|Any CPU.ActiveCfg = Release|Any CPU
		{99C046D4-5D11-4E67-947C-1C62EE72EAC6}.Release|Any CPU.Build.0 = Release|Any CPU
		{15BF26C8-92F8-445D-8FFC-7882A519B67D}.Debug|Any CPU.ActiveCfg = Debug|Any CPU
		{15BF26C8-92F8-445D-8FFC-7882A519B67D}.Debug|Any CPU.Build.0 = Debug|Any CPU
		{15BF26C8-92F8-445D-8FFC-7882A519B67D}.Release|Any CPU.ActiveCfg = Release|Any CPU
		{15BF26C8-92F8-445D-8FFC-7882A519B67D}.Release|Any CPU.Build.0 = Release|Any CPU
	EndGlobalSection
	GlobalSection(SolutionProperties) = preSolution
		HideSolutionNode = FALSE
	EndGlobalSection
	GlobalSection(NestedProjects) = preSolution
		{99C046D4-5D11-4E67-947C-1C62EE72EAC6} = {A1837D35-249C-480D-9254-53808A2CEDD8}
		{15BF26C8-92F8-445D-8FFC-7882A519B67D} = {40FC6502-93DF-40D9-98F1-522F94E3DE6B}
	EndGlobalSection
EndGlobal
