
Microsoft Visual Studio Solution File, Format Version 11.00
# Visual Studio 2010
Project("{FAE04EC0-301F-11D3-BF4B-00C04F79EFBC}") = "SmallFry.Mono", "SmallFry\SmallFry.Mono.csproj", "{963035EC-276C-4140-9B99-8B32A6CF013D}"
EndProject
Project("{2150E333-8FDC-42A3-9474-1A3956D46DE8}") = "Solution Items", "Solution Items", "{D4DA3779-B015-46DF-8A22-34DDC96317F4}"
	ProjectSection(SolutionItems) = preProject
		SolutionInfo.cs = SolutionInfo.cs
		..\README = ..\README
	EndProjectSection
EndProject
Project("{FAE04EC0-301F-11D3-BF4B-00C04F79EFBC}") = "SmallFry.Tests.Mono", "SmallFry.Tests\SmallFry.Tests.Mono.csproj", "{C36AF365-6688-41D7-A8B8-D2A335FB176D}"
EndProject
Global
	GlobalSection(SolutionConfigurationPlatforms) = preSolution
		Debug|Any CPU = Debug|Any CPU
		Release|Any CPU = Release|Any CPU
	EndGlobalSection
	GlobalSection(ProjectConfigurationPlatforms) = postSolution
		{963035EC-276C-4140-9B99-8B32A6CF013D}.Debug|Any CPU.ActiveCfg = Debug|Any CPU
		{963035EC-276C-4140-9B99-8B32A6CF013D}.Debug|Any CPU.Build.0 = Debug|Any CPU
		{963035EC-276C-4140-9B99-8B32A6CF013D}.Release|Any CPU.ActiveCfg = Release|Any CPU
		{963035EC-276C-4140-9B99-8B32A6CF013D}.Release|Any CPU.Build.0 = Release|Any CPU
		{C36AF365-6688-41D7-A8B8-D2A335FB176D}.Debug|Any CPU.ActiveCfg = Debug|Any CPU
		{C36AF365-6688-41D7-A8B8-D2A335FB176D}.Debug|Any CPU.Build.0 = Debug|Any CPU
		{C36AF365-6688-41D7-A8B8-D2A335FB176D}.Release|Any CPU.ActiveCfg = Release|Any CPU
		{C36AF365-6688-41D7-A8B8-D2A335FB176D}.Release|Any CPU.Build.0 = Release|Any CPU
	EndGlobalSection
	GlobalSection(NestedProjects) = preSolution
	EndGlobalSection
	GlobalSection(MonoDevelopProperties) = preSolution
		StartupItem = SmallFry\SmallFry.Mono.csproj
	EndGlobalSection
EndGlobal
